// !$*UTF8*$!
{
	archiveVersion = 1;
	classes = {
	};
	objectVersion = 46;
	objects = {

/* Begin PBXBuildFile section */
		8F40599C1E326EC60011EDDF /* AppDelegate.swift in Sources */ = {isa = PBXBuildFile; fileRef = 8F40599B1E326EC60011EDDF /* AppDelegate.swift */; };
		8F40599E1E326EC60011EDDF /* ViewController.swift in Sources */ = {isa = PBXBuildFile; fileRef = 8F40599D1E326EC60011EDDF /* ViewController.swift */; };
		8F4059A11E326EC60011EDDF /* Main.storyboard in Resources */ = {isa = PBXBuildFile; fileRef = 8F40599F1E326EC60011EDDF /* Main.storyboard */; };
		8F4059A41E326EC60011EDDF /* TwitterMessaging.xcdatamodeld in Sources */ = {isa = PBXBuildFile; fileRef = 8F4059A21E326EC60011EDDF /* TwitterMessaging.xcdatamodeld */; };
		8F4059A61E326EC60011EDDF /* Assets.xcassets in Resources */ = {isa = PBXBuildFile; fileRef = 8F4059A51E326EC60011EDDF /* Assets.xcassets */; };
		8F4059A91E326EC60011EDDF /* LaunchScreen.storyboard in Resources */ = {isa = PBXBuildFile; fileRef = 8F4059A71E326EC60011EDDF /* LaunchScreen.storyboard */; };
		8F4059B41E326EC70011EDDF /* TwitterMessagingTests.swift in Sources */ = {isa = PBXBuildFile; fileRef = 8F4059B31E326EC60011EDDF /* TwitterMessagingTests.swift */; };
		8F4059BF1E326EC70011EDDF /* TwitterMessagingUITests.swift in Sources */ = {isa = PBXBuildFile; fileRef = 8F4059BE1E326EC70011EDDF /* TwitterMessagingUITests.swift */; };
/* End PBXBuildFile section */

/* Begin PBXContainerItemProxy section */
		8F4059B01E326EC60011EDDF /* PBXContainerItemProxy */ = {
			isa = PBXContainerItemProxy;
			containerPortal = 8F4059901E326EC60011EDDF /* Project object */;
			proxyType = 1;
			remoteGlobalIDString = 8F4059971E326EC60011EDDF;
			remoteInfo = TwitterMessaging;
		};
		8F4059BB1E326EC70011EDDF /* PBXContainerItemProxy */ = {
			isa = PBXContainerItemProxy;
			containerPortal = 8F4059901E326EC60011EDDF /* Project object */;
			proxyType = 1;
			remoteGlobalIDString = 8F4059971E326EC60011EDDF;
			remoteInfo = TwitterMessaging;
		};
/* End PBXContainerItemProxy section */

/* Begin PBXFileReference section */
		8F4059981E326EC60011EDDF /* TwitterMessaging.app */ = {isa = PBXFileReference; explicitFileType = wrapper.application; includeInIndex = 0; path = TwitterMessaging.app; sourceTree = BUILT_PRODUCTS_DIR; };
		8F40599B1E326EC60011EDDF /* AppDelegate.swift */ = {isa = PBXFileReference; lastKnownFileType = sourcecode.swift; path = AppDelegate.swift; sourceTree = "<group>"; };
		8F40599D1E326EC60011EDDF /* ViewController.swift */ = {isa = PBXFileReference; lastKnownFileType = sourcecode.swift; path = ViewController.swift; sourceTree = "<group>"; };
		8F4059A01E326EC60011EDDF /* Base */ = {isa = PBXFileReference; lastKnownFileType = file.storyboard; name = Base; path = Base.lproj/Main.storyboard; sourceTree = "<group>"; };
		8F4059A31E326EC60011EDDF /* TwitterMessaging.xcdatamodel */ = {isa = PBXFileReference; lastKnownFileType = wrapper.xcdatamodel; path = TwitterMessaging.xcdatamodel; sourceTree = "<group>"; };
		8F4059A51E326EC60011EDDF /* Assets.xcassets */ = {isa = PBXFileReference; lastKnownFileType = folder.assetcatalog; path = Assets.xcassets; sourceTree = "<group>"; };
		8F4059A81E326EC60011EDDF /* Base */ = {isa = PBXFileReference; lastKnownFileType = file.storyboard; name = Base; path = Base.lproj/LaunchScreen.storyboard; sourceTree = "<group>"; };
		8F4059AA1E326EC60011EDDF /* Info.plist */ = {isa = PBXFileReference; lastKnownFileType = text.plist.xml; path = Info.plist; sourceTree = "<group>"; };
		8F4059AF1E326EC60011EDDF /* TwitterMessagingTests.xctest */ = {isa = PBXFileReference; explicitFileType = wrapper.cfbundle; includeInIndex = 0; path = TwitterMessagingTests.xctest; sourceTree = BUILT_PRODUCTS_DIR; };
		8F4059B31E326EC60011EDDF /* TwitterMessagingTests.swift */ = {isa = PBXFileReference; lastKnownFileType = sourcecode.swift; path = TwitterMessagingTests.swift; sourceTree = "<group>"; };
		8F4059B51E326EC70011EDDF /* Info.plist */ = {isa = PBXFileReference; lastKnownFileType = text.plist.xml; path = Info.plist; sourceTree = "<group>"; };
		8F4059BA1E326EC70011EDDF /* TwitterMessagingUITests.xctest */ = {isa = PBXFileReference; explicitFileType = wrapper.cfbundle; includeInIndex = 0; path = TwitterMessagingUITests.xctest; sourceTree = BUILT_PRODUCTS_DIR; };
		8F4059BE1E326EC70011EDDF /* TwitterMessagingUITests.swift */ = {isa = PBXFileReference; lastKnownFileType = sourcecode.swift; path = TwitterMessagingUITests.swift; sourceTree = "<group>"; };
		8F4059C01E326EC70011EDDF /* Info.plist */ = {isa = PBXFileReference; lastKnownFileType = text.plist.xml; path = Info.plist; sourceTree = "<group>"; };
/* End PBXFileReference section */

/* Begin PBXFrameworksBuildPhase section */
		8F4059951E326EC60011EDDF /* Frameworks */ = {
			isa = PBXFrameworksBuildPhase;
			buildActionMask = 2147483647;
			files = (
			);
			runOnlyForDeploymentPostprocessing = 0;
		};
		8F4059AC1E326EC60011EDDF /* Frameworks */ = {
			isa = PBXFrameworksBuildPhase;
			buildActionMask = 2147483647;
			files = (
			);
			runOnlyForDeploymentPostprocessing = 0;
		};
		8F4059B71E326EC70011EDDF /* Frameworks */ = {
			isa = PBXFrameworksBuildPhase;
			buildActionMask = 2147483647;
			files = (
			);
			runOnlyForDeploymentPostprocessing = 0;
		};
/* End PBXFrameworksBuildPhase section */

/* Begin PBXGroup section */
		8F40598F1E326EC60011EDDF = {
			isa = PBXGroup;
			children = (
				8F40599A1E326EC60011EDDF /* TwitterMessaging */,
				8F4059B21E326EC60011EDDF /* TwitterMessagingTests */,
				8F4059BD1E326EC70011EDDF /* TwitterMessagingUITests */,
				8F4059991E326EC60011EDDF /* Products */,
			);
			sourceTree = "<group>";
		};
		8F4059991E326EC60011EDDF /* Products */ = {
			isa = PBXGroup;
			children = (
				8F4059981E326EC60011EDDF /* TwitterMessaging.app */,
				8F4059AF1E326EC60011EDDF /* TwitterMessagingTests.xctest */,
				8F4059BA1E326EC70011EDDF /* TwitterMessagingUITests.xctest */,
			);
			name = Products;
			sourceTree = "<group>";
		};
		8F40599A1E326EC60011EDDF /* TwitterMessaging */ = {
			isa = PBXGroup;
			children = (
				8F40599B1E326EC60011EDDF /* AppDelegate.swift */,
				8F40599D1E326EC60011EDDF /* ViewController.swift */,
				8F40599F1E326EC60011EDDF /* Main.storyboard */,
				8F4059A51E326EC60011EDDF /* Assets.xcassets */,
				8F4059A71E326EC60011EDDF /* LaunchScreen.storyboard */,
				8F4059AA1E326EC60011EDDF /* Info.plist */,
				8F4059A21E326EC60011EDDF /* TwitterMessaging.xcdatamodeld */,
			);
			path = TwitterMessaging;
			sourceTree = "<group>";
		};
		8F4059B21E326EC60011EDDF /* TwitterMessagingTests */ = {
			isa = PBXGroup;
			children = (
				8F4059B31E326EC60011EDDF /* TwitterMessagingTests.swift */,
				8F4059B51E326EC70011EDDF /* Info.plist */,
			);
			path = TwitterMessagingTests;
			sourceTree = "<group>";
		};
		8F4059BD1E326EC70011EDDF /* TwitterMessagingUITests */ = {
			isa = PBXGroup;
			children = (
				8F4059BE1E326EC70011EDDF /* TwitterMessagingUITests.swift */,
				8F4059C01E326EC70011EDDF /* Info.plist */,
			);
			path = TwitterMessagingUITests;
			sourceTree = "<group>";
		};
/* End PBXGroup section */

/* Begin PBXNativeTarget section */
		8F4059971E326EC60011EDDF /* TwitterMessaging */ = {
			isa = PBXNativeTarget;
			buildConfigurationList = 8F4059C31E326EC70011EDDF /* Build configuration list for PBXNativeTarget "TwitterMessaging" */;
			buildPhases = (
				8F4059941E326EC60011EDDF /* Sources */,
				8F4059951E326EC60011EDDF /* Frameworks */,
				8F4059961E326EC60011EDDF /* Resources */,
			);
			buildRules = (
			);
			dependencies = (
			);
			name = TwitterMessaging;
			productName = TwitterMessaging;
			productReference = 8F4059981E326EC60011EDDF /* TwitterMessaging.app */;
			productType = "com.apple.product-type.application";
		};
		8F4059AE1E326EC60011EDDF /* TwitterMessagingTests */ = {
			isa = PBXNativeTarget;
			buildConfigurationList = 8F4059C61E326EC70011EDDF /* Build configuration list for PBXNativeTarget "TwitterMessagingTests" */;
			buildPhases = (
				8F4059AB1E326EC60011EDDF /* Sources */,
				8F4059AC1E326EC60011EDDF /* Frameworks */,
				8F4059AD1E326EC60011EDDF /* Resources */,
			);
			buildRules = (
			);
			dependencies = (
				8F4059B11E326EC60011EDDF /* PBXTargetDependency */,
			);
			name = TwitterMessagingTests;
			productName = TwitterMessagingTests;
			productReference = 8F4059AF1E326EC60011EDDF /* TwitterMessagingTests.xctest */;
			productType = "com.apple.product-type.bundle.unit-test";
		};
		8F4059B91E326EC70011EDDF /* TwitterMessagingUITests */ = {
			isa = PBXNativeTarget;
			buildConfigurationList = 8F4059C91E326EC70011EDDF /* Build configuration list for PBXNativeTarget "TwitterMessagingUITests" */;
			buildPhases = (
				8F4059B61E326EC70011EDDF /* Sources */,
				8F4059B71E326EC70011EDDF /* Frameworks */,
				8F4059B81E326EC70011EDDF /* Resources */,
			);
			buildRules = (
			);
			dependencies = (
				8F4059BC1E326EC70011EDDF /* PBXTargetDependency */,
			);
			name = TwitterMessagingUITests;
			productName = TwitterMessagingUITests;
			productReference = 8F4059BA1E326EC70011EDDF /* TwitterMessagingUITests.xctest */;
			productType = "com.apple.product-type.bundle.ui-testing";
		};
/* End PBXNativeTarget section */

/* Begin PBXProject section */
		8F4059901E326EC60011EDDF /* Project object */ = {
			isa = PBXProject;
			attributes = {
				LastSwiftUpdateCheck = 0820;
				LastUpgradeCheck = 0820;
				ORGANIZATIONNAME = "Truong Vo";
				TargetAttributes = {
					8F4059971E326EC60011EDDF = {
						CreatedOnToolsVersion = 8.2.1;
						DevelopmentTeam = N6456L2829;
						ProvisioningStyle = Automatic;
					};
					8F4059AE1E326EC60011EDDF = {
						CreatedOnToolsVersion = 8.2.1;
						DevelopmentTeam = N6456L2829;
						ProvisioningStyle = Automatic;
						TestTargetID = 8F4059971E326EC60011EDDF;
					};
					8F4059B91E326EC70011EDDF = {
						CreatedOnToolsVersion = 8.2.1;
						DevelopmentTeam = N6456L2829;
						ProvisioningStyle = Automatic;
						TestTargetID = 8F4059971E326EC60011EDDF;
					};
				};
			};
			buildConfigurationList = 8F4059931E326EC60011EDDF /* Build configuration list for PBXProject "TwitterMessaging" */;
			compatibilityVersion = "Xcode 3.2";
			developmentRegion = English;
			hasScannedForEncodings = 0;
			knownRegions = (
				en,
				Base,
			);
			mainGroup = 8F40598F1E326EC60011EDDF;
			productRefGroup = 8F4059991E326EC60011EDDF /* Products */;
			projectDirPath = "";
			projectRoot = "";
			targets = (
				8F4059971E326EC60011EDDF /* TwitterMessaging */,
				8F4059AE1E326EC60011EDDF /* TwitterMessagingTests */,
				8F4059B91E326EC70011EDDF /* TwitterMessagingUITests */,
			);
		};
/* End PBXProject section */

/* Begin PBXResourcesBuildPhase section */
		8F4059961E326EC60011EDDF /* Resources */ = {
			isa = PBXResourcesBuildPhase;
			buildActionMask = 2147483647;
			files = (
				8F4059A91E326EC60011EDDF /* LaunchScreen.storyboard in Resources */,
				8F4059A61E326EC60011EDDF /* Assets.xcassets in Resources */,
				8F4059A11E326EC60011EDDF /* Main.storyboard in Resources */,
			);
			runOnlyForDeploymentPostprocessing = 0;
		};
		8F4059AD1E326EC60011EDDF /* Resources */ = {
			isa = PBXResourcesBuildPhase;
			buildActionMask = 2147483647;
			files = (
			);
			runOnlyForDeploymentPostprocessing = 0;
		};
		8F4059B81E326EC70011EDDF /* Resources */ = {
			isa = PBXResourcesBuildPhase;
			buildActionMask = 2147483647;
			files = (
			);
			runOnlyForDeploymentPostprocessing = 0;
		};
/* End PBXResourcesBuildPhase section */

/* Begin PBXSourcesBuildPhase section */
		8F4059941E326EC60011EDDF /* Sources */ = {
			isa = PBXSourcesBuildPhase;
			buildActionMask = 2147483647;
			files = (
				8F4059A41E326EC60011EDDF /* TwitterMessaging.xcdatamodeld in Sources */,
				8F40599E1E326EC60011EDDF /* ViewController.swift in Sources */,
				8F40599C1E326EC60011EDDF /* AppDelegate.swift in Sources */,
			);
			runOnlyForDeploymentPostprocessing = 0;
		};
		8F4059AB1E326EC60011EDDF /* Sources */ = {
			isa = PBXSourcesBuildPhase;
			buildActionMask = 2147483647;
			files = (
				8F4059B41E326EC70011EDDF /* TwitterMessagingTests.swift in Sources */,
			);
			runOnlyForDeploymentPostprocessing = 0;
		};
		8F4059B61E326EC70011EDDF /* Sources */ = {
			isa = PBXSourcesBuildPhase;
			buildActionMask = 2147483647;
			files = (
				8F4059BF1E326EC70011EDDF /* TwitterMessagingUITests.swift in Sources */,
			);
			runOnlyForDeploymentPostprocessing = 0;
		};
/* End PBXSourcesBuildPhase section */

/* Begin PBXTargetDependency section */
		8F4059B11E326EC60011EDDF /* PBXTargetDependency */ = {
			isa = PBXTargetDependency;
			target = 8F4059971E326EC60011EDDF /* TwitterMessaging */;
			targetProxy = 8F4059B01E326EC60011EDDF /* PBXContainerItemProxy */;
		};
		8F4059BC1E326EC70011EDDF /* PBXTargetDependency */ = {
			isa = PBXTargetDependency;
			target = 8F4059971E326EC60011EDDF /* TwitterMessaging */;
			targetProxy = 8F4059BB1E326EC70011EDDF /* PBXContainerItemProxy */;
		};
/* End PBXTargetDependency section */

/* Begin PBXVariantGroup section */
		8F40599F1E326EC60011EDDF /* Main.storyboard */ = {
			isa = PBXVariantGroup;
			children = (
				8F4059A01E326EC60011EDDF /* Base */,
			);
			name = Main.storyboard;
			sourceTree = "<group>";
		};
		8F4059A71E326EC60011EDDF /* LaunchScreen.storyboard */ = {
			isa = PBXVariantGroup;
			children = (
				8F4059A81E326EC60011EDDF /* Base */,
			);
			name = LaunchScreen.storyboard;
			sourceTree = "<group>";
		};
/* End PBXVariantGroup section */

/* Begin XCBuildConfiguration section */
		8F4059C11E326EC70011EDDF /* Debug */ = {
			isa = XCBuildConfiguration;
			buildSettings = {
				ALWAYS_SEARCH_USER_PATHS = NO;
				CLANG_ANALYZER_NONNULL = YES;
				CLANG_CXX_LANGUAGE_STANDARD = "gnu++0x";
				CLANG_CXX_LIBRARY = "libc++";
				CLANG_ENABLE_MODULES = YES;
				CLANG_ENABLE_OBJC_ARC = YES;
				CLANG_WARN_BOOL_CONVERSION = YES;
				CLANG_WARN_CONSTANT_CONVERSION = YES;
				CLANG_WARN_DIRECT_OBJC_ISA_USAGE = YES_ERROR;
				CLANG_WARN_DOCUMENTATION_COMMENTS = YES;
				CLANG_WARN_EMPTY_BODY = YES;
				CLANG_WARN_ENUM_CONVERSION = YES;
				CLANG_WARN_INFINITE_RECURSION = YES;
				CLANG_WARN_INT_CONVERSION = YES;
				CLANG_WARN_OBJC_ROOT_CLASS = YES_ERROR;
				CLANG_WARN_SUSPICIOUS_MOVE = YES;
				CLANG_WARN_UNREACHABLE_CODE = YES;
				CLANG_WARN__DUPLICATE_METHOD_MATCH = YES;
				"CODE_SIGN_IDENTITY[sdk=iphoneos*]" = "iPhone Developer";
				COPY_PHASE_STRIP = NO;
				DEBUG_INFORMATION_FORMAT = dwarf;
				ENABLE_STRICT_OBJC_MSGSEND = YES;
				ENABLE_TESTABILITY = YES;
				GCC_C_LANGUAGE_STANDARD = gnu99;
				GCC_DYNAMIC_NO_PIC = NO;
				GCC_NO_COMMON_BLOCKS = YES;
				GCC_OPTIMIZATION_LEVEL = 0;
				GCC_PREPROCESSOR_DEFINITIONS = (
					"DEBUG=1",
					"$(inherited)",
				);
				GCC_WARN_64_TO_32_BIT_CONVERSION = YES;
				GCC_WARN_ABOUT_RETURN_TYPE = YES_ERROR;
				GCC_WARN_UNDECLARED_SELECTOR = YES;
				GCC_WARN_UNINITIALIZED_AUTOS = YES_AGGRESSIVE;
				GCC_WARN_UNUSED_FUNCTION = YES;
				GCC_WARN_UNUSED_VARIABLE = YES;
				IPHONEOS_DEPLOYMENT_TARGET = 10.2;
				MTL_ENABLE_DEBUG_INFO = YES;
				ONLY_ACTIVE_ARCH = YES;
				SDKROOT = iphoneos;
				SWIFT_ACTIVE_COMPILATION_CONDITIONS = DEBUG;
				SWIFT_OPTIMIZATION_LEVEL = "-Onone";
				TARGETED_DEVICE_FAMILY = "1,2";
			};
			name = Debug;
		};
		8F4059C21E326EC70011EDDF /* Release */ = {
			isa = XCBuildConfiguration;
			buildSettings = {
				ALWAYS_SEARCH_USER_PATHS = NO;
				CLANG_ANALYZER_NONNULL = YES;
				CLANG_CXX_LANGUAGE_STANDARD = "gnu++0x";
				CLANG_CXX_LIBRARY = "libc++";
				CLANG_ENABLE_MODULES = YES;
				CLANG_ENABLE_OBJC_ARC = YES;
				CLANG_WARN_BOOL_CONVERSION = YES;
				CLANG_WARN_CONSTANT_CONVERSION = YES;
				CLANG_WARN_DIRECT_OBJC_ISA_USAGE = YES_ERROR;
				CLANG_WARN_DOCUMENTATION_COMMENTS = YES;
				CLANG_WARN_EMPTY_BODY = YES;
				CLANG_WARN_ENUM_CONVERSION = YES;
				CLANG_WARN_INFINITE_RECURSION = YES;
				CLANG_WARN_INT_CONVERSION = YES;
				CLANG_WARN_OBJC_ROOT_CLASS = YES_ERROR;
				CLANG_WARN_SUSPICIOUS_MOVE = YES;
				CLANG_WARN_UNREACHABLE_CODE = YES;
				CLANG_WARN__DUPLICATE_METHOD_MATCH = YES;
				"CODE_SIGN_IDENTITY[sdk=iphoneos*]" = "iPhone Developer";
				COPY_PHASE_STRIP = NO;
				DEBUG_INFORMATION_FORMAT = "dwarf-with-dsym";
				ENABLE_NS_ASSERTIONS = NO;
				ENABLE_STRICT_OBJC_MSGSEND = YES;
				GCC_C_LANGUAGE_STANDARD = gnu99;
				GCC_NO_COMMON_BLOCKS = YES;
				GCC_WARN_64_TO_32_BIT_CONVERSION = YES;
				GCC_WARN_ABOUT_RETURN_TYPE = YES_ERROR;
				GCC_WARN_UNDECLARED_SELECTOR = YES;
				GCC_WARN_UNINITIALIZED_AUTOS = YES_AGGRESSIVE;
				GCC_WARN_UNUSED_FUNCTION = YES;
				GCC_WARN_UNUSED_VARIABLE = YES;
				IPHONEOS_DEPLOYMENT_TARGET = 10.2;
				MTL_ENABLE_DEBUG_INFO = NO;
				SDKROOT = iphoneos;
				SWIFT_OPTIMIZATION_LEVEL = "-Owholemodule";
				TARGETED_DEVICE_FAMILY = "1,2";
				VALIDATE_PRODUCT = YES;
			};
			name = Release;
		};
		8F4059C41E326EC70011EDDF /* Debug */ = {
			isa = XCBuildConfiguration;
			buildSettings = {
				ASSETCATALOG_COMPILER_APPICON_NAME = AppIcon;
				DEVELOPMENT_TEAM = N6456L2829;
				INFOPLIST_FILE = TwitterMessaging/Info.plist;
				LD_RUNPATH_SEARCH_PATHS = "$(inherited) @executable_path/Frameworks";
				PRODUCT_BUNDLE_IDENTIFIER = com.truongvo.TwitterMessaging;
				PRODUCT_NAME = "$(TARGET_NAME)";
				SWIFT_VERSION = 3.0;
			};
			name = Debug;
		};
		8F4059C51E326EC70011EDDF /* Release */ = {
			isa = XCBuildConfiguration;
			buildSettings = {
				ASSETCATALOG_COMPILER_APPICON_NAME = AppIcon;
				DEVELOPMENT_TEAM = N6456L2829;
				INFOPLIST_FILE = TwitterMessaging/Info.plist;
				LD_RUNPATH_SEARCH_PATHS = "$(inherited) @executable_path/Frameworks";
				PRODUCT_BUNDLE_IDENTIFIER = com.truongvo.TwitterMessaging;
				PRODUCT_NAME = "$(TARGET_NAME)";
				SWIFT_VERSION = 3.0;
			};
			name = Release;
		};
		8F4059C71E326EC70011EDDF /* Debug */ = {
			isa = XCBuildConfiguration;
			buildSettings = {
				ALWAYS_EMBED_SWIFT_STANDARD_LIBRARIES = YES;
				BUNDLE_LOADER = "$(TEST_HOST)";
				DEVELOPMENT_TEAM = N6456L2829;
				INFOPLIST_FILE = TwitterMessagingTests/Info.plist;
				LD_RUNPATH_SEARCH_PATHS = "$(inherited) @executable_path/Frameworks @loader_path/Frameworks";
				PRODUCT_BUNDLE_IDENTIFIER = com.truongvo.TwitterMessagingTests;
				PRODUCT_NAME = "$(TARGET_NAME)";
				SWIFT_VERSION = 3.0;
				TEST_HOST = "$(BUILT_PRODUCTS_DIR)/TwitterMessaging.app/TwitterMessaging";
			};
			name = Debug;
		};
		8F4059C81E326EC70011EDDF /* Release */ = {
			isa = XCBuildConfiguration;
			buildSettings = {
				ALWAYS_EMBED_SWIFT_STANDARD_LIBRARIES = YES;
				BUNDLE_LOADER = "$(TEST_HOST)";
				DEVELOPMENT_TEAM = N6456L2829;
				INFOPLIST_FILE = TwitterMessagingTests/Info.plist;
				LD_RUNPATH_SEARCH_PATHS = "$(inherited) @executable_path/Frameworks @loader_path/Frameworks";
				PRODUCT_BUNDLE_IDENTIFIER = com.truongvo.TwitterMessagingTests;
				PRODUCT_NAME = "$(TARGET_NAME)";
				SWIFT_VERSION = 3.0;
				TEST_HOST = "$(BUILT_PRODUCTS_DIR)/TwitterMessaging.app/TwitterMessaging";
			};
			name = Release;
		};
		8F4059CA1E326EC70011EDDF /* Debug */ = {
			isa = XCBuildConfiguration;
			buildSettings = {
				ALWAYS_EMBED_SWIFT_STANDARD_LIBRARIES = YES;
				DEVELOPMENT_TEAM = N6456L2829;
				INFOPLIST_FILE = TwitterMessagingUITests/Info.plist;
				LD_RUNPATH_SEARCH_PATHS = "$(inherited) @executable_path/Frameworks @loader_path/Frameworks";
				PRODUCT_BUNDLE_IDENTIFIER = com.truongvo.TwitterMessagingUITests;
				PRODUCT_NAME = "$(TARGET_NAME)";
				SWIFT_VERSION = 3.0;
				TEST_TARGET_NAME = TwitterMessaging;
			};
			name = Debug;
		};
		8F4059CB1E326EC70011EDDF /* Release */ = {
			isa = XCBuildConfiguration;
			buildSettings = {
				ALWAYS_EMBED_SWIFT_STANDARD_LIBRARIES = YES;
				DEVELOPMENT_TEAM = N6456L2829;
				INFOPLIST_FILE = TwitterMessagingUITests/Info.plist;
				LD_RUNPATH_SEARCH_PATHS = "$(inherited) @executable_path/Frameworks @loader_path/Frameworks";
				PRODUCT_BUNDLE_IDENTIFIER = com.truongvo.TwitterMessagingUITests;
				PRODUCT_NAME = "$(TARGET_NAME)";
				SWIFT_VERSION = 3.0;
				TEST_TARGET_NAME = TwitterMessaging;
			};
			name = Release;
		};
/* End XCBuildConfiguration section */

/* Begin XCConfigurationList section */
		8F4059931E326EC60011EDDF /* Build configuration list for PBXProject "TwitterMessaging" */ = {
			isa = XCConfigurationList;
			buildConfigurations = (
				8F4059C11E326EC70011EDDF /* Debug */,
				8F4059C21E326EC70011EDDF /* Release */,
			);
			defaultConfigurationIsVisible = 0;
			defaultConfigurationName = Release;
		};
		8F4059C31E326EC70011EDDF /* Build configuration list for PBXNativeTarget "TwitterMessaging" */ = {
			isa = XCConfigurationList;
			buildConfigurations = (
				8F4059C41E326EC70011EDDF /* Debug */,
				8F4059C51E326EC70011EDDF /* Release */,
			);
			defaultConfigurationIsVisible = 0;
		};
		8F4059C61E326EC70011EDDF /* Build configuration list for PBXNativeTarget "TwitterMessagingTests" */ = {
			isa = XCConfigurationList;
			buildConfigurations = (
				8F4059C71E326EC70011EDDF /* Debug */,
				8F4059C81E326EC70011EDDF /* Release */,
			);
			defaultConfigurationIsVisible = 0;
		};
		8F4059C91E326EC70011EDDF /* Build configuration list for PBXNativeTarget "TwitterMessagingUITests" */ = {
			isa = XCConfigurationList;
			buildConfigurations = (
				8F4059CA1E326EC70011EDDF /* Debug */,
				8F4059CB1E326EC70011EDDF /* Release */,
			);
			defaultConfigurationIsVisible = 0;
		};
/* End XCConfigurationList section */

/* Begin XCVersionGroup section */
		8F4059A21E326EC60011EDDF /* TwitterMessaging.xcdatamodeld */ = {
			isa = XCVersionGroup;
			children = (
				8F4059A31E326EC60011EDDF /* TwitterMessaging.xcdatamodel */,
			);
			currentVersion = 8F4059A31E326EC60011EDDF /* TwitterMessaging.xcdatamodel */;
			path = TwitterMessaging.xcdatamodeld;
			sourceTree = "<group>";
			versionGroupType = wrapper.xcdatamodel;
		};
/* End XCVersionGroup section */
	};
	rootObject = 8F4059901E326EC60011EDDF /* Project object */;
}
